{
  "name": "adventofcode",
  "version": "2018.12.1",
  "lockfileVersion": 1,
  "requires": true,
  "dependencies": {
    "@types/node": {
      "version": "10.12.11",
      "resolved": "https://registry.npmjs.org/@types/node/-/node-10.12.11.tgz",
      "integrity": "sha512-3iIOhNiPGTdcUNVCv9e5G7GotfvJJe2pc9w2UgDXlUwnxSZ3RgcUocIU+xYm+rTU54jIKih998QE4dMOyMN1NQ==",
      "dev": true
    },
    "@types/npm": {
      "version": "2.0.29",
      "resolved": "https://registry.npmjs.org/@types/npm/-/npm-2.0.29.tgz",
      "integrity": "sha512-McqGDdeT1tSMu8sPaL0ya7xBwojQYKGVwCrlPNBcaF+o+H4wLNH03nYRTfycU11Xdu8eziEb4cgdGmu4VF/NWA==",
      "dev": true,
      "requires": {
        "@types/node": "*"
      }
    }
  }
}
